
Microsoft Visual Studio Solution File, Format Version 12.00
# Visual Studio Version 17
VisualStudioVersion = 17.1.32319.34
MinimumVisualStudioVersion = 10.0.40219.1
Project("{FAE04EC0-301F-11D3-BF4B-00C04F79EFBC}") = "SimpleBlog.WebApp", "src\SimpleBlog.WebApp\SimpleBlog.WebApp.csproj", "{7701DCB4-AF5C-477A-B568-01296E91E3A9}"
EndProject
Project("{FAE04EC0-301F-11D3-BF4B-00C04F79EFBC}") = "SimpleBlog.WebApi", "src\SimpleBlog.WebApi\SimpleBlog.WebApi.csproj", "{A0E3AE80-512E-4C5F-ABCE-E14567CA81C5}"
EndProject
Project("{FAE04EC0-301F-11D3-BF4B-00C04F79EFBC}") = "SimpleBlog.Domain", "src\SimpleBlog.Domain\SimpleBlog.Domain.csproj", "{AC1BD602-1953-4991-9660-1367EE79C162}"
EndProject
Project("{FAE04EC0-301F-11D3-BF4B-00C04F79EFBC}") = "SimpleBlog.Infrastructure", "src\SimpleBlog.Infrastructure\SimpleBlog.Infrastructure.csproj", "{FA9AB19D-6035-49CC-B63D-353B4EED6E26}"
EndProject
Project("{FAE04EC0-301F-11D3-BF4B-00C04F79EFBC}") = "SimpleBlog.Application", "src\SimpleBlog.Application\SimpleBlog.Application.csproj", "{D5357376-4675-41A3-A9CB-0DDD6479E49D}"
EndProject
Project("{FAE04EC0-301F-11D3-BF4B-00C04F79EFBC}") = "SimpleBlog.Share", "src\SimpleBlog.Share\SimpleBlog.Share.csproj", "{701926B3-08AF-49C0-8A42-794750385306}"
EndProject
Global
	GlobalSection(SolutionConfigurationPlatforms) = preSolution
		Debug|Any CPU = Debug|Any CPU
		Release|Any CPU = Release|Any CPU
	EndGlobalSection
	GlobalSection(ProjectConfigurationPlatforms) = postSolution
		{7701DCB4-AF5C-477A-B568-01296E91E3A9}.Debug|Any CPU.ActiveCfg = Debug|Any CPU
		{7701DCB4-AF5C-477A-B568-01296E91E3A9}.Debug|Any CPU.Build.0 = Debug|Any CPU
		{7701DCB4-AF5C-477A-B568-01296E91E3A9}.Release|Any CPU.ActiveCfg = Release|Any CPU
		{7701DCB4-AF5C-477A-B568-01296E91E3A9}.Release|Any CPU.Build.0 = Release|Any CPU
		{A0E3AE80-512E-4C5F-ABCE-E14567CA81C5}.Debug|Any CPU.ActiveCfg = Debug|Any CPU
		{A0E3AE80-512E-4C5F-ABCE-E14567CA81C5}.Debug|Any CPU.Build.0 = Debug|Any CPU
		{A0E3AE80-512E-4C5F-ABCE-E14567CA81C5}.Release|Any CPU.ActiveCfg = Release|Any CPU
		{A0E3AE80-512E-4C5F-ABCE-E14567CA81C5}.Release|Any CPU.Build.0 = Release|Any CPU
		{AC1BD602-1953-4991-9660-1367EE79C162}.Debug|Any CPU.ActiveCfg = Debug|Any CPU
		{AC1BD602-1953-4991-9660-1367EE79C162}.Debug|Any CPU.Build.0 = Debug|Any CPU
		{AC1BD602-1953-4991-9660-1367EE79C162}.Release|Any CPU.ActiveCfg = Release|Any CPU
		{AC1BD602-1953-4991-9660-1367EE79C162}.Release|Any CPU.Build.0 = Release|Any CPU
		{FA9AB19D-6035-49CC-B63D-353B4EED6E26}.Debug|Any CPU.ActiveCfg = Debug|Any CPU
		{FA9AB19D-6035-49CC-B63D-353B4EED6E26}.Debug|Any CPU.Build.0 = Debug|Any CPU
		{FA9AB19D-6035-49CC-B63D-353B4EED6E26}.Release|Any CPU.ActiveCfg = Release|Any CPU
		{FA9AB19D-6035-49CC-B63D-353B4EED6E26}.Release|Any CPU.Build.0 = Release|Any CPU
		{D5357376-4675-41A3-A9CB-0DDD6479E49D}.Debug|Any CPU.ActiveCfg = Debug|Any CPU
		{D5357376-4675-41A3-A9CB-0DDD6479E49D}.Debug|Any CPU.Build.0 = Debug|Any CPU
		{D5357376-4675-41A3-A9CB-0DDD6479E49D}.Release|Any CPU.ActiveCfg = Release|Any CPU
		{D5357376-4675-41A3-A9CB-0DDD6479E49D}.Release|Any CPU.Build.0 = Release|Any CPU
		{701926B3-08AF-49C0-8A42-794750385306}.Debug|Any CPU.ActiveCfg = Debug|Any CPU
		{701926B3-08AF-49C0-8A42-794750385306}.Debug|Any CPU.Build.0 = Debug|Any CPU
		{701926B3-08AF-49C0-8A42-794750385306}.Release|Any CPU.ActiveCfg = Release|Any CPU
		{701926B3-08AF-49C0-8A42-794750385306}.Release|Any CPU.Build.0 = Release|Any CPU
	EndGlobalSection
	GlobalSection(SolutionProperties) = preSolution
		HideSolutionNode = FALSE
	EndGlobalSection
	GlobalSection(ExtensibilityGlobals) = postSolution
		SolutionGuid = {CEBF4B31-07FC-4DAA-865D-44615E469B54}
	EndGlobalSection
EndGlobal
