
Microsoft Visual Studio Solution File, Format Version 12.00
# Visual Studio Version 17
VisualStudioVersion = 17.1.32319.34
MinimumVisualStudioVersion = 10.0.40219.1
Project("{9A19103F-16F7-4668-BE54-9A1E7A4F7556}") = "SimpleBlog.WebApp", "src\SimpleBlog.WebApp\SimpleBlog.WebApp.csproj", "{7701DCB4-AF5C-477A-B568-01296E91E3A9}"
EndProject
Project("{9A19103F-16F7-4668-BE54-9A1E7A4F7556}") = "SimpleBlog.WebApi", "src\SimpleBlog.WebApi\SimpleBlog.WebApi.csproj", "{A0E3AE80-512E-4C5F-ABCE-E14567CA81C5}"
EndProject
Project("{9A19103F-16F7-4668-BE54-9A1E7A4F7556}") = "SimpleBlog.Application", "src\SimpleBlog.Application\SimpleBlog.Application.csproj", "{99F3677C-2ADB-47D2-B8D1-4BA2DEFBFBD1}"
EndProject
Project("{9A19103F-16F7-4668-BE54-9A1E7A4F7556}") = "SimpleBlog.Domain", "src\SimpleBlog.Domain\SimpleBlog.Domain.csproj", "{4D087DA6-EE91-47C5-AD9A-4B9E45636B5F}"
EndProject
Project("{9A19103F-16F7-4668-BE54-9A1E7A4F7556}") = "SimpleBlog.Infrastructure", "src\SimpleBlog.Infrastructure\SimpleBlog.Infrastructure.csproj", "{4057FA9C-F912-4618-98B0-C0C0DE6FE5B0}"
EndProject
Project("{2150E333-8FDC-42A3-9474-1A3956D46DE8}") = "Presentations", "Presentations", "{471CCAB8-F181-46BF-8CA8-22D36D7EABC2}"
EndProject
Project("{2150E333-8FDC-42A3-9474-1A3956D46DE8}") = "Core", "Core", "{D2935156-AEBF-4073-AC07-E3474D8C8013}"
EndProject
Project("{2150E333-8FDC-42A3-9474-1A3956D46DE8}") = "Infrastructure", "Infrastructure", "{6D7CB1DA-D7FE-480A-A136-FA7C2A4D79AF}"
EndProject
Project("{FAE04EC0-301F-11D3-BF4B-00C04F79EFBC}") = "SimpleBlog.Share", "src\SimpleBlog.Share\SimpleBlog.Share.csproj", "{7879677C-4FD8-4E6E-AD13-87B9E1E5E7C3}"
EndProject
Project("{FAE04EC0-301F-11D3-BF4B-00C04F79EFBC}") = "SimpleBlog.Infrastructure.Share", "src\SimpleBlog.Infrastructure.Share\SimpleBlog.Infrastructure.Share.csproj", "{F1EF833D-C279-4E5C-9C52-5FA7DBAC235C}"
EndProject
Project("{2150E333-8FDC-42A3-9474-1A3956D46DE8}") = "Share", "Share", "{87642ED3-3A3B-4910-BBB2-D4D75BB7DB69}"
EndProject
Global
	GlobalSection(SolutionConfigurationPlatforms) = preSolution
		Debug|Any CPU = Debug|Any CPU
		Release|Any CPU = Release|Any CPU
	EndGlobalSection
	GlobalSection(ProjectConfigurationPlatforms) = postSolution
		{7701DCB4-AF5C-477A-B568-01296E91E3A9}.Debug|Any CPU.ActiveCfg = Debug|Any CPU
		{7701DCB4-AF5C-477A-B568-01296E91E3A9}.Debug|Any CPU.Build.0 = Debug|Any CPU
		{7701DCB4-AF5C-477A-B568-01296E91E3A9}.Release|Any CPU.ActiveCfg = Release|Any CPU
		{7701DCB4-AF5C-477A-B568-01296E91E3A9}.Release|Any CPU.Build.0 = Release|Any CPU
		{A0E3AE80-512E-4C5F-ABCE-E14567CA81C5}.Debug|Any CPU.ActiveCfg = Debug|Any CPU
		{A0E3AE80-512E-4C5F-ABCE-E14567CA81C5}.Debug|Any CPU.Build.0 = Debug|Any CPU
		{A0E3AE80-512E-4C5F-ABCE-E14567CA81C5}.Release|Any CPU.ActiveCfg = Release|Any CPU
		{A0E3AE80-512E-4C5F-ABCE-E14567CA81C5}.Release|Any CPU.Build.0 = Release|Any CPU
		{99F3677C-2ADB-47D2-B8D1-4BA2DEFBFBD1}.Debug|Any CPU.ActiveCfg = Debug|Any CPU
		{99F3677C-2ADB-47D2-B8D1-4BA2DEFBFBD1}.Debug|Any CPU.Build.0 = Debug|Any CPU
		{99F3677C-2ADB-47D2-B8D1-4BA2DEFBFBD1}.Release|Any CPU.ActiveCfg = Release|Any CPU
		{99F3677C-2ADB-47D2-B8D1-4BA2DEFBFBD1}.Release|Any CPU.Build.0 = Release|Any CPU
		{4D087DA6-EE91-47C5-AD9A-4B9E45636B5F}.Debug|Any CPU.ActiveCfg = Debug|Any CPU
		{4D087DA6-EE91-47C5-AD9A-4B9E45636B5F}.Debug|Any CPU.Build.0 = Debug|Any CPU
		{4D087DA6-EE91-47C5-AD9A-4B9E45636B5F}.Release|Any CPU.ActiveCfg = Release|Any CPU
		{4D087DA6-EE91-47C5-AD9A-4B9E45636B5F}.Release|Any CPU.Build.0 = Release|Any CPU
		{4057FA9C-F912-4618-98B0-C0C0DE6FE5B0}.Debug|Any CPU.ActiveCfg = Debug|Any CPU
		{4057FA9C-F912-4618-98B0-C0C0DE6FE5B0}.Debug|Any CPU.Build.0 = Debug|Any CPU
		{4057FA9C-F912-4618-98B0-C0C0DE6FE5B0}.Release|Any CPU.ActiveCfg = Release|Any CPU
		{4057FA9C-F912-4618-98B0-C0C0DE6FE5B0}.Release|Any CPU.Build.0 = Release|Any CPU
		{7879677C-4FD8-4E6E-AD13-87B9E1E5E7C3}.Debug|Any CPU.ActiveCfg = Debug|Any CPU
		{7879677C-4FD8-4E6E-AD13-87B9E1E5E7C3}.Debug|Any CPU.Build.0 = Debug|Any CPU
		{7879677C-4FD8-4E6E-AD13-87B9E1E5E7C3}.Release|Any CPU.ActiveCfg = Release|Any CPU
		{7879677C-4FD8-4E6E-AD13-87B9E1E5E7C3}.Release|Any CPU.Build.0 = Release|Any CPU
		{F1EF833D-C279-4E5C-9C52-5FA7DBAC235C}.Debug|Any CPU.ActiveCfg = Debug|Any CPU
		{F1EF833D-C279-4E5C-9C52-5FA7DBAC235C}.Debug|Any CPU.Build.0 = Debug|Any CPU
		{F1EF833D-C279-4E5C-9C52-5FA7DBAC235C}.Release|Any CPU.ActiveCfg = Release|Any CPU
		{F1EF833D-C279-4E5C-9C52-5FA7DBAC235C}.Release|Any CPU.Build.0 = Release|Any CPU
	EndGlobalSection
	GlobalSection(SolutionProperties) = preSolution
		HideSolutionNode = FALSE
	EndGlobalSection
	GlobalSection(NestedProjects) = preSolution
		{7701DCB4-AF5C-477A-B568-01296E91E3A9} = {471CCAB8-F181-46BF-8CA8-22D36D7EABC2}
		{A0E3AE80-512E-4C5F-ABCE-E14567CA81C5} = {471CCAB8-F181-46BF-8CA8-22D36D7EABC2}
		{99F3677C-2ADB-47D2-B8D1-4BA2DEFBFBD1} = {D2935156-AEBF-4073-AC07-E3474D8C8013}
		{4D087DA6-EE91-47C5-AD9A-4B9E45636B5F} = {D2935156-AEBF-4073-AC07-E3474D8C8013}
		{4057FA9C-F912-4618-98B0-C0C0DE6FE5B0} = {6D7CB1DA-D7FE-480A-A136-FA7C2A4D79AF}
		{7879677C-4FD8-4E6E-AD13-87B9E1E5E7C3} = {87642ED3-3A3B-4910-BBB2-D4D75BB7DB69}
		{F1EF833D-C279-4E5C-9C52-5FA7DBAC235C} = {6D7CB1DA-D7FE-480A-A136-FA7C2A4D79AF}
	EndGlobalSection
	GlobalSection(ExtensibilityGlobals) = postSolution
		SolutionGuid = {CEBF4B31-07FC-4DAA-865D-44615E469B54}
	EndGlobalSection
EndGlobal
